
Microsoft Visual Studio Solution File, Format Version 12.00
# Visual Studio 15
VisualStudioVersion = 15.0.26730.12
MinimumVisualStudioVersion = 10.0.40219.1
Project("{9A19103F-16F7-4668-BE54-9A1E7A4F7556}") = "Task1", "Task1\Task1.csproj", "{701C9F81-32BA-4531-90DC-450C835948D8}"
EndProject
Project("{9A19103F-16F7-4668-BE54-9A1E7A4F7556}") = "Task2", "Task2\Task2.csproj", "{37953FA7-EA77-4FF3-8F19-55902BA17892}"
EndProject
Project("{9A19103F-16F7-4668-BE54-9A1E7A4F7556}") = "Task3", "Task3\Task3.csproj", "{18B5E277-D766-4100-9972-AEEFFF628EB9}"
EndProject
Project("{9A19103F-16F7-4668-BE54-9A1E7A4F7556}") = "Task4", "Task4\Task4.csproj", "{0775B895-C645-4D08-AE57-C77138DEED15}"
EndProject
Project("{9A19103F-16F7-4668-BE54-9A1E7A4F7556}") = "Task5", "Task5\Task5.csproj", "{481B9BE4-9EB2-495B-B516-AEBD60584C04}"
EndProject
Project("{9A19103F-16F7-4668-BE54-9A1E7A4F7556}") = "Task6", "Task6\Task6.csproj", "{C63953A3-0CA6-4618-843A-87921F44C868}"
EndProject
Project("{9A19103F-16F7-4668-BE54-9A1E7A4F7556}") = "Task7", "Task7\Task7.csproj", "{8D405EA5-DA61-478B-BD23-FBC56404CD68}"
EndProject
Project("{9A19103F-16F7-4668-BE54-9A1E7A4F7556}") = "Task8", "Task8\Task8.csproj", "{F05E539C-3728-4A47-B252-EBF70C85F7A2}"
EndProject
Project("{FAE04EC0-301F-11D3-BF4B-00C04F79EFBC}") = "Task9", "Task9\Task9.csproj", "{2E546F9D-3A22-4EF0-837F-FE71DC795440}"
EndProject
Project("{FAE04EC0-301F-11D3-BF4B-00C04F79EFBC}") = "Task10", "Task10\Task10.csproj", "{283C11AD-189B-4058-99DD-145FB1FBA003}"
EndProject
Global
	GlobalSection(SolutionConfigurationPlatforms) = preSolution
		Debug|Any CPU = Debug|Any CPU
		Release|Any CPU = Release|Any CPU
	EndGlobalSection
	GlobalSection(ProjectConfigurationPlatforms) = postSolution
		{701C9F81-32BA-4531-90DC-450C835948D8}.Debug|Any CPU.ActiveCfg = Debug|Any CPU
		{701C9F81-32BA-4531-90DC-450C835948D8}.Debug|Any CPU.Build.0 = Debug|Any CPU
		{701C9F81-32BA-4531-90DC-450C835948D8}.Release|Any CPU.ActiveCfg = Release|Any CPU
		{701C9F81-32BA-4531-90DC-450C835948D8}.Release|Any CPU.Build.0 = Release|Any CPU
		{37953FA7-EA77-4FF3-8F19-55902BA17892}.Debug|Any CPU.ActiveCfg = Debug|Any CPU
		{37953FA7-EA77-4FF3-8F19-55902BA17892}.Debug|Any CPU.Build.0 = Debug|Any CPU
		{37953FA7-EA77-4FF3-8F19-55902BA17892}.Release|Any CPU.ActiveCfg = Release|Any CPU
		{37953FA7-EA77-4FF3-8F19-55902BA17892}.Release|Any CPU.Build.0 = Release|Any CPU
		{18B5E277-D766-4100-9972-AEEFFF628EB9}.Debug|Any CPU.ActiveCfg = Debug|Any CPU
		{18B5E277-D766-4100-9972-AEEFFF628EB9}.Debug|Any CPU.Build.0 = Debug|Any CPU
		{18B5E277-D766-4100-9972-AEEFFF628EB9}.Release|Any CPU.ActiveCfg = Release|Any CPU
		{18B5E277-D766-4100-9972-AEEFFF628EB9}.Release|Any CPU.Build.0 = Release|Any CPU
		{0775B895-C645-4D08-AE57-C77138DEED15}.Debug|Any CPU.ActiveCfg = Debug|Any CPU
		{0775B895-C645-4D08-AE57-C77138DEED15}.Debug|Any CPU.Build.0 = Debug|Any CPU
		{0775B895-C645-4D08-AE57-C77138DEED15}.Release|Any CPU.ActiveCfg = Release|Any CPU
		{0775B895-C645-4D08-AE57-C77138DEED15}.Release|Any CPU.Build.0 = Release|Any CPU
		{481B9BE4-9EB2-495B-B516-AEBD60584C04}.Debug|Any CPU.ActiveCfg = Debug|Any CPU
		{481B9BE4-9EB2-495B-B516-AEBD60584C04}.Debug|Any CPU.Build.0 = Debug|Any CPU
		{481B9BE4-9EB2-495B-B516-AEBD60584C04}.Release|Any CPU.ActiveCfg = Release|Any CPU
		{481B9BE4-9EB2-495B-B516-AEBD60584C04}.Release|Any CPU.Build.0 = Release|Any CPU
		{C63953A3-0CA6-4618-843A-87921F44C868}.Debug|Any CPU.ActiveCfg = Debug|Any CPU
		{C63953A3-0CA6-4618-843A-87921F44C868}.Debug|Any CPU.Build.0 = Debug|Any CPU
		{C63953A3-0CA6-4618-843A-87921F44C868}.Release|Any CPU.ActiveCfg = Release|Any CPU
		{C63953A3-0CA6-4618-843A-87921F44C868}.Release|Any CPU.Build.0 = Release|Any CPU
		{8D405EA5-DA61-478B-BD23-FBC56404CD68}.Debug|Any CPU.ActiveCfg = Debug|Any CPU
		{8D405EA5-DA61-478B-BD23-FBC56404CD68}.Debug|Any CPU.Build.0 = Debug|Any CPU
		{8D405EA5-DA61-478B-BD23-FBC56404CD68}.Release|Any CPU.ActiveCfg = Release|Any CPU
		{8D405EA5-DA61-478B-BD23-FBC56404CD68}.Release|Any CPU.Build.0 = Release|Any CPU
		{F05E539C-3728-4A47-B252-EBF70C85F7A2}.Debug|Any CPU.ActiveCfg = Debug|Any CPU
		{F05E539C-3728-4A47-B252-EBF70C85F7A2}.Debug|Any CPU.Build.0 = Debug|Any CPU
		{F05E539C-3728-4A47-B252-EBF70C85F7A2}.Release|Any CPU.ActiveCfg = Release|Any CPU
		{F05E539C-3728-4A47-B252-EBF70C85F7A2}.Release|Any CPU.Build.0 = Release|Any CPU
		{2E546F9D-3A22-4EF0-837F-FE71DC795440}.Debug|Any CPU.ActiveCfg = Debug|Any CPU
		{2E546F9D-3A22-4EF0-837F-FE71DC795440}.Debug|Any CPU.Build.0 = Debug|Any CPU
		{2E546F9D-3A22-4EF0-837F-FE71DC795440}.Release|Any CPU.ActiveCfg = Release|Any CPU
		{2E546F9D-3A22-4EF0-837F-FE71DC795440}.Release|Any CPU.Build.0 = Release|Any CPU
		{283C11AD-189B-4058-99DD-145FB1FBA003}.Debug|Any CPU.ActiveCfg = Debug|Any CPU
		{283C11AD-189B-4058-99DD-145FB1FBA003}.Debug|Any CPU.Build.0 = Debug|Any CPU
		{283C11AD-189B-4058-99DD-145FB1FBA003}.Release|Any CPU.ActiveCfg = Release|Any CPU
		{283C11AD-189B-4058-99DD-145FB1FBA003}.Release|Any CPU.Build.0 = Release|Any CPU
	EndGlobalSection
	GlobalSection(SolutionProperties) = preSolution
		HideSolutionNode = FALSE
	EndGlobalSection
	GlobalSection(ExtensibilityGlobals) = postSolution
		SolutionGuid = {FBC295F1-0A8B-4C64-ADB2-C8C9C906D17E}
	EndGlobalSection
EndGlobal
