
Microsoft Visual Studio Solution File, Format Version 12.00
# Visual Studio 15
VisualStudioVersion = 15.0.26730.12
MinimumVisualStudioVersion = 10.0.40219.1
Project("{9A19103F-16F7-4668-BE54-9A1E7A4F7556}") = "Task1", "Task1\Task1.csproj", "{69510EA6-D48B-4385-AF9B-C68B8A5F2CC3}"
EndProject
Project("{9A19103F-16F7-4668-BE54-9A1E7A4F7556}") = "Task2", "Task2\Task2.csproj", "{CE1B72A2-52AA-4141-9C0C-99E7AE7BA5E8}"
EndProject
Project("{FAE04EC0-301F-11D3-BF4B-00C04F79EFBC}") = "Task3", "Task3\Task3.csproj", "{6FD47BA7-280B-4EFE-9372-D32EDEDF09D0}"
EndProject
Project("{FAE04EC0-301F-11D3-BF4B-00C04F79EFBC}") = "Task4", "Task4\Task4.csproj", "{4EED27D5-61F3-44F6-8F7F-D169DC3F277B}"
EndProject
Project("{FAE04EC0-301F-11D3-BF4B-00C04F79EFBC}") = "Task5", "Task5\Task5.csproj", "{A88C2969-191C-41BD-912A-AD9CFA24043E}"
EndProject
Global
	GlobalSection(SolutionConfigurationPlatforms) = preSolution
		Debug|Any CPU = Debug|Any CPU
		Release|Any CPU = Release|Any CPU
	EndGlobalSection
	GlobalSection(ProjectConfigurationPlatforms) = postSolution
		{69510EA6-D48B-4385-AF9B-C68B8A5F2CC3}.Debug|Any CPU.ActiveCfg = Debug|Any CPU
		{69510EA6-D48B-4385-AF9B-C68B8A5F2CC3}.Debug|Any CPU.Build.0 = Debug|Any CPU
		{69510EA6-D48B-4385-AF9B-C68B8A5F2CC3}.Release|Any CPU.ActiveCfg = Release|Any CPU
		{69510EA6-D48B-4385-AF9B-C68B8A5F2CC3}.Release|Any CPU.Build.0 = Release|Any CPU
		{CE1B72A2-52AA-4141-9C0C-99E7AE7BA5E8}.Debug|Any CPU.ActiveCfg = Debug|Any CPU
		{CE1B72A2-52AA-4141-9C0C-99E7AE7BA5E8}.Debug|Any CPU.Build.0 = Debug|Any CPU
		{CE1B72A2-52AA-4141-9C0C-99E7AE7BA5E8}.Release|Any CPU.ActiveCfg = Release|Any CPU
		{CE1B72A2-52AA-4141-9C0C-99E7AE7BA5E8}.Release|Any CPU.Build.0 = Release|Any CPU
		{6FD47BA7-280B-4EFE-9372-D32EDEDF09D0}.Debug|Any CPU.ActiveCfg = Debug|Any CPU
		{6FD47BA7-280B-4EFE-9372-D32EDEDF09D0}.Debug|Any CPU.Build.0 = Debug|Any CPU
		{6FD47BA7-280B-4EFE-9372-D32EDEDF09D0}.Release|Any CPU.ActiveCfg = Release|Any CPU
		{6FD47BA7-280B-4EFE-9372-D32EDEDF09D0}.Release|Any CPU.Build.0 = Release|Any CPU
		{4EED27D5-61F3-44F6-8F7F-D169DC3F277B}.Debug|Any CPU.ActiveCfg = Debug|Any CPU
		{4EED27D5-61F3-44F6-8F7F-D169DC3F277B}.Debug|Any CPU.Build.0 = Debug|Any CPU
		{4EED27D5-61F3-44F6-8F7F-D169DC3F277B}.Release|Any CPU.ActiveCfg = Release|Any CPU
		{4EED27D5-61F3-44F6-8F7F-D169DC3F277B}.Release|Any CPU.Build.0 = Release|Any CPU
		{A88C2969-191C-41BD-912A-AD9CFA24043E}.Debug|Any CPU.ActiveCfg = Debug|Any CPU
		{A88C2969-191C-41BD-912A-AD9CFA24043E}.Debug|Any CPU.Build.0 = Debug|Any CPU
		{A88C2969-191C-41BD-912A-AD9CFA24043E}.Release|Any CPU.ActiveCfg = Release|Any CPU
		{A88C2969-191C-41BD-912A-AD9CFA24043E}.Release|Any CPU.Build.0 = Release|Any CPU
	EndGlobalSection
	GlobalSection(SolutionProperties) = preSolution
		HideSolutionNode = FALSE
	EndGlobalSection
	GlobalSection(ExtensibilityGlobals) = postSolution
		SolutionGuid = {375653C2-6B9B-49ED-9AC1-210B266B1EDC}
	EndGlobalSection
EndGlobal
