
Microsoft Visual Studio Solution File, Format Version 12.00
# Visual Studio 15
VisualStudioVersion = 15.0.26730.12
MinimumVisualStudioVersion = 10.0.40219.1
Project("{FAE04EC0-301F-11D3-BF4B-00C04F79EFBC}") = "Task1", "Task1\Task1.csproj", "{F2D8F94A-C68C-4DC3-914B-FA5523CE8FD2}"
EndProject
Project("{FAE04EC0-301F-11D3-BF4B-00C04F79EFBC}") = "Task2", "Task2\Task2.csproj", "{343C4245-3E82-4B01-90F1-5C627ECBAAA7}"
EndProject
Project("{FAE04EC0-301F-11D3-BF4B-00C04F79EFBC}") = "Task3", "Task3\Task3.csproj", "{295D0882-14E0-4C43-BEF7-9485234DD22D}"
EndProject
Global
	GlobalSection(SolutionConfigurationPlatforms) = preSolution
		Debug|Any CPU = Debug|Any CPU
		Release|Any CPU = Release|Any CPU
	EndGlobalSection
	GlobalSection(ProjectConfigurationPlatforms) = postSolution
		{F2D8F94A-C68C-4DC3-914B-FA5523CE8FD2}.Debug|Any CPU.ActiveCfg = Debug|Any CPU
		{F2D8F94A-C68C-4DC3-914B-FA5523CE8FD2}.Debug|Any CPU.Build.0 = Debug|Any CPU
		{F2D8F94A-C68C-4DC3-914B-FA5523CE8FD2}.Release|Any CPU.ActiveCfg = Release|Any CPU
		{F2D8F94A-C68C-4DC3-914B-FA5523CE8FD2}.Release|Any CPU.Build.0 = Release|Any CPU
		{343C4245-3E82-4B01-90F1-5C627ECBAAA7}.Debug|Any CPU.ActiveCfg = Debug|Any CPU
		{343C4245-3E82-4B01-90F1-5C627ECBAAA7}.Debug|Any CPU.Build.0 = Debug|Any CPU
		{343C4245-3E82-4B01-90F1-5C627ECBAAA7}.Release|Any CPU.ActiveCfg = Release|Any CPU
		{343C4245-3E82-4B01-90F1-5C627ECBAAA7}.Release|Any CPU.Build.0 = Release|Any CPU
		{295D0882-14E0-4C43-BEF7-9485234DD22D}.Debug|Any CPU.ActiveCfg = Debug|Any CPU
		{295D0882-14E0-4C43-BEF7-9485234DD22D}.Debug|Any CPU.Build.0 = Debug|Any CPU
		{295D0882-14E0-4C43-BEF7-9485234DD22D}.Release|Any CPU.ActiveCfg = Release|Any CPU
		{295D0882-14E0-4C43-BEF7-9485234DD22D}.Release|Any CPU.Build.0 = Release|Any CPU
	EndGlobalSection
	GlobalSection(SolutionProperties) = preSolution
		HideSolutionNode = FALSE
	EndGlobalSection
	GlobalSection(ExtensibilityGlobals) = postSolution
		SolutionGuid = {B1C0B769-7682-4E90-8B09-598ADEB1CDE1}
	EndGlobalSection
EndGlobal
